// !$*UTF8*$!
{
	archiveVersion = 1;
	classes = {
	};
	objectVersion = 50;
	objects = {

/* Begin PBXBuildFile section */
		B7465BD92498546200709E12 /* shootingSound.wav in Resources */ = {isa = PBXBuildFile; fileRef = B7465BD82498546200709E12 /* shootingSound.wav */; };
		B7465BDB249A9FF700709E12 /* Extenstions.swift in Sources */ = {isa = PBXBuildFile; fileRef = B7465BDA249A9FF700709E12 /* Extenstions.swift */; };
		B74ED963249BFDE900DC844C /* MainMenu.sks in Resources */ = {isa = PBXBuildFile; fileRef = B74ED962249BFDE900DC844C /* MainMenu.sks */; };
		B74ED965249BFDF600DC844C /* MainMenu.swift in Sources */ = {isa = PBXBuildFile; fileRef = B74ED964249BFDF600DC844C /* MainMenu.swift */; };
		B74FA62C2485E3EC009E933F /* AppDelegate.swift in Sources */ = {isa = PBXBuildFile; fileRef = B74FA62B2485E3EC009E933F /* AppDelegate.swift */; };
		B74FA62E2485E3EC009E933F /* GameScene.sks in Resources */ = {isa = PBXBuildFile; fileRef = B74FA62D2485E3EC009E933F /* GameScene.sks */; };
		B74FA6322485E3EC009E933F /* GameScene.swift in Sources */ = {isa = PBXBuildFile; fileRef = B74FA6312485E3EC009E933F /* GameScene.swift */; };
		B74FA6342485E3EC009E933F /* GameViewController.swift in Sources */ = {isa = PBXBuildFile; fileRef = B74FA6332485E3EC009E933F /* GameViewController.swift */; };
		B74FA6372485E3EC009E933F /* Main.storyboard in Resources */ = {isa = PBXBuildFile; fileRef = B74FA6352485E3EC009E933F /* Main.storyboard */; };
		B74FA63C2485E3F2009E933F /* LaunchScreen.storyboard in Resources */ = {isa = PBXBuildFile; fileRef = B74FA63A2485E3F2009E933F /* LaunchScreen.storyboard */; };
		B74FA6492485EF19009E933F /* MyParticle.sks in Resources */ = {isa = PBXBuildFile; fileRef = B74FA6472485EF19009E933F /* MyParticle.sks */; };
		B74FA64A2485EF19009E933F /* Assets.xcassets in Resources */ = {isa = PBXBuildFile; fileRef = B74FA6482485EF19009E933F /* Assets.xcassets */; };
		B754DA292547C17D00AF40BA /* GameData.swift in Sources */ = {isa = PBXBuildFile; fileRef = B754DA282547C17D00AF40BA /* GameData.swift */; };
		B75C6C1325438D5A00F325D5 /* GameOver.swift in Sources */ = {isa = PBXBuildFile; fileRef = B75C6C1225438D5A00F325D5 /* GameOver.swift */; };
		B75C6C1625438DAD00F325D5 /* GameOver.sks in Resources */ = {isa = PBXBuildFile; fileRef = B75C6C1525438DAD00F325D5 /* GameOver.sks */; };
		B767B0DF248B304300DF5B1F /* Collision.swift in Sources */ = {isa = PBXBuildFile; fileRef = B767B0DE248B304300DF5B1F /* Collision.swift */; };
		B767B0E42496C7D500DF5B1F /* 8-Bit Madness.ttf in Resources */ = {isa = PBXBuildFile; fileRef = B767B0E32496C7D500DF5B1F /* 8-Bit Madness.ttf */; };
/* End PBXBuildFile section */

/* Begin PBXFileReference section */
		B7465BD82498546200709E12 /* shootingSound.wav */ = {isa = PBXFileReference; lastKnownFileType = audio.wav; path = shootingSound.wav; sourceTree = "<group>"; };
		B7465BDA249A9FF700709E12 /* Extenstions.swift */ = {isa = PBXFileReference; lastKnownFileType = sourcecode.swift; path = Extenstions.swift; sourceTree = "<group>"; };
		B74ED962249BFDE900DC844C /* MainMenu.sks */ = {isa = PBXFileReference; lastKnownFileType = file.sks; path = MainMenu.sks; sourceTree = "<group>"; };
		B74ED964249BFDF600DC844C /* MainMenu.swift */ = {isa = PBXFileReference; lastKnownFileType = sourcecode.swift; path = MainMenu.swift; sourceTree = "<group>"; };
		B74FA6282485E3EC009E933F /* SpaceKing.app */ = {isa = PBXFileReference; explicitFileType = wrapper.application; includeInIndex = 0; path = SpaceKing.app; sourceTree = BUILT_PRODUCTS_DIR; };
		B74FA62B2485E3EC009E933F /* AppDelegate.swift */ = {isa = PBXFileReference; lastKnownFileType = sourcecode.swift; path = AppDelegate.swift; sourceTree = "<group>"; };
		B74FA62D2485E3EC009E933F /* GameScene.sks */ = {isa = PBXFileReference; lastKnownFileType = file.sks; path = GameScene.sks; sourceTree = "<group>"; };
		B74FA6312485E3EC009E933F /* GameScene.swift */ = {isa = PBXFileReference; lastKnownFileType = sourcecode.swift; path = GameScene.swift; sourceTree = "<group>"; };
		B74FA6332485E3EC009E933F /* GameViewController.swift */ = {isa = PBXFileReference; lastKnownFileType = sourcecode.swift; path = GameViewController.swift; sourceTree = "<group>"; };
		B74FA6362485E3EC009E933F /* Base */ = {isa = PBXFileReference; lastKnownFileType = file.storyboard; name = Base; path = Base.lproj/Main.storyboard; sourceTree = "<group>"; };
		B74FA63B2485E3F2009E933F /* Base */ = {isa = PBXFileReference; lastKnownFileType = file.storyboard; name = Base; path = Base.lproj/LaunchScreen.storyboard; sourceTree = "<group>"; };
		B74FA63D2485E3F2009E933F /* Info.plist */ = {isa = PBXFileReference; lastKnownFileType = text.plist.xml; path = Info.plist; sourceTree = "<group>"; };
		B74FA6472485EF19009E933F /* MyParticle.sks */ = {isa = PBXFileReference; lastKnownFileType = file.sks; path = MyParticle.sks; sourceTree = "<group>"; };
		B74FA6482485EF19009E933F /* Assets.xcassets */ = {isa = PBXFileReference; lastKnownFileType = folder.assetcatalog; path = Assets.xcassets; sourceTree = "<group>"; };
		B754DA282547C17D00AF40BA /* GameData.swift */ = {isa = PBXFileReference; lastKnownFileType = sourcecode.swift; path = GameData.swift; sourceTree = "<group>"; };
		B75C6C1225438D5A00F325D5 /* GameOver.swift */ = {isa = PBXFileReference; lastKnownFileType = sourcecode.swift; path = GameOver.swift; sourceTree = "<group>"; };
		B75C6C1525438DAD00F325D5 /* GameOver.sks */ = {isa = PBXFileReference; lastKnownFileType = file.sks; path = GameOver.sks; sourceTree = "<group>"; };
		B767B0DE248B304300DF5B1F /* Collision.swift */ = {isa = PBXFileReference; lastKnownFileType = sourcecode.swift; path = Collision.swift; sourceTree = "<group>"; };
		B767B0E32496C7D500DF5B1F /* 8-Bit Madness.ttf */ = {isa = PBXFileReference; lastKnownFileType = file; path = "8-Bit Madness.ttf"; sourceTree = "<group>"; };
/* End PBXFileReference section */

/* Begin PBXFrameworksBuildPhase section */
		B74FA6252485E3EC009E933F /* Frameworks */ = {
			isa = PBXFrameworksBuildPhase;
			buildActionMask = 2147483647;
			files = (
			);
			runOnlyForDeploymentPostprocessing = 0;
		};
/* End PBXFrameworksBuildPhase section */

/* Begin PBXGroup section */
		B7465BDC249B0CC300709E12 /* Fonts */ = {
			isa = PBXGroup;
			children = (
				B767B0E32496C7D500DF5B1F /* 8-Bit Madness.ttf */,
			);
			path = Fonts;
			sourceTree = "<group>";
		};
		B74FA61F2485E3EC009E933F = {
			isa = PBXGroup;
			children = (
				B74FA62A2485E3EC009E933F /* SpaceKing */,
				B74FA6292485E3EC009E933F /* Products */,
			);
			sourceTree = "<group>";
		};
		B74FA6292485E3EC009E933F /* Products */ = {
			isa = PBXGroup;
			children = (
				B74FA6282485E3EC009E933F /* SpaceKing.app */,
			);
			name = Products;
			sourceTree = "<group>";
		};
		B74FA62A2485E3EC009E933F /* SpaceKing */ = {
			isa = PBXGroup;
			children = (
				B761F21B24EAE2780055C8D0 /* Sounds */,
				B7465BDC249B0CC300709E12 /* Fonts */,
				B74FA62B2485E3EC009E933F /* AppDelegate.swift */,
				B74FA6472485EF19009E933F /* MyParticle.sks */,
				B74FA6482485EF19009E933F /* Assets.xcassets */,
				B74FA62D2485E3EC009E933F /* GameScene.sks */,
				B74ED962249BFDE900DC844C /* MainMenu.sks */,
				B75C6C1525438DAD00F325D5 /* GameOver.sks */,
				B74ED964249BFDF600DC844C /* MainMenu.swift */,
				B74FA6312485E3EC009E933F /* GameScene.swift */,
				B75C6C1225438D5A00F325D5 /* GameOver.swift */,
				B754DA282547C17D00AF40BA /* GameData.swift */,
				B7465BDA249A9FF700709E12 /* Extenstions.swift */,
				B767B0DE248B304300DF5B1F /* Collision.swift */,
				B74FA6332485E3EC009E933F /* GameViewController.swift */,
				B74FA6352485E3EC009E933F /* Main.storyboard */,
				B74FA63A2485E3F2009E933F /* LaunchScreen.storyboard */,
				B74FA63D2485E3F2009E933F /* Info.plist */,
			);
			path = SpaceKing;
			sourceTree = "<group>";
		};
		B761F21B24EAE2780055C8D0 /* Sounds */ = {
			isa = PBXGroup;
			children = (
				B7465BD82498546200709E12 /* shootingSound.wav */,
			);
			path = Sounds;
			sourceTree = "<group>";
		};
/* End PBXGroup section */

/* Begin PBXNativeTarget section */
		B74FA6272485E3EC009E933F /* SpaceKing */ = {
			isa = PBXNativeTarget;
			buildConfigurationList = B74FA6402485E3F2009E933F /* Build configuration list for PBXNativeTarget "SpaceKing" */;
			buildPhases = (
				B74FA6242485E3EC009E933F /* Sources */,
				B74FA6252485E3EC009E933F /* Frameworks */,
				B74FA6262485E3EC009E933F /* Resources */,
			);
			buildRules = (
			);
			dependencies = (
			);
			name = SpaceKing;
			productName = SpaceKing;
			productReference = B74FA6282485E3EC009E933F /* SpaceKing.app */;
			productType = "com.apple.product-type.application";
		};
/* End PBXNativeTarget section */

/* Begin PBXProject section */
		B74FA6202485E3EC009E933F /* Project object */ = {
			isa = PBXProject;
			attributes = {
				LastSwiftUpdateCheck = 1140;
				LastUpgradeCheck = 1200;
				ORGANIZATIONNAME = rahul;
				TargetAttributes = {
					B74FA6272485E3EC009E933F = {
						CreatedOnToolsVersion = 11.4.1;
					};
				};
			};
			buildConfigurationList = B74FA6232485E3EC009E933F /* Build configuration list for PBXProject "SpaceKing" */;
			compatibilityVersion = "Xcode 9.3";
			developmentRegion = en;
			hasScannedForEncodings = 0;
			knownRegions = (
				en,
				Base,
			);
			mainGroup = B74FA61F2485E3EC009E933F;
			productRefGroup = B74FA6292485E3EC009E933F /* Products */;
			projectDirPath = "";
			projectRoot = "";
			targets = (
				B74FA6272485E3EC009E933F /* SpaceKing */,
			);
		};
/* End PBXProject section */

/* Begin PBXResourcesBuildPhase section */
		B74FA6262485E3EC009E933F /* Resources */ = {
			isa = PBXResourcesBuildPhase;
			buildActionMask = 2147483647;
			files = (
				B74FA6372485E3EC009E933F /* Main.storyboard in Resources */,
				B74FA62E2485E3EC009E933F /* GameScene.sks in Resources */,
				B767B0E42496C7D500DF5B1F /* 8-Bit Madness.ttf in Resources */,
				B74FA63C2485E3F2009E933F /* LaunchScreen.storyboard in Resources */,
				B75C6C1625438DAD00F325D5 /* GameOver.sks in Resources */,
				B74FA6492485EF19009E933F /* MyParticle.sks in Resources */,
				B74ED963249BFDE900DC844C /* MainMenu.sks in Resources */,
				B7465BD92498546200709E12 /* shootingSound.wav in Resources */,
				B74FA64A2485EF19009E933F /* Assets.xcassets in Resources */,
			);
			runOnlyForDeploymentPostprocessing = 0;
		};
/* End PBXResourcesBuildPhase section */

/* Begin PBXSourcesBuildPhase section */
		B74FA6242485E3EC009E933F /* Sources */ = {
			isa = PBXSourcesBuildPhase;
			buildActionMask = 2147483647;
			files = (
				B74FA6322485E3EC009E933F /* GameScene.swift in Sources */,
				B74ED965249BFDF600DC844C /* MainMenu.swift in Sources */,
				B75C6C1325438D5A00F325D5 /* GameOver.swift in Sources */,
				B7465BDB249A9FF700709E12 /* Extenstions.swift in Sources */,
				B74FA6342485E3EC009E933F /* GameViewController.swift in Sources */,
				B754DA292547C17D00AF40BA /* GameData.swift in Sources */,
				B767B0DF248B304300DF5B1F /* Collision.swift in Sources */,
				B74FA62C2485E3EC009E933F /* AppDelegate.swift in Sources */,
			);
			runOnlyForDeploymentPostprocessing = 0;
		};
/* End PBXSourcesBuildPhase section */

/* Begin PBXVariantGroup section */
		B74FA6352485E3EC009E933F /* Main.storyboard */ = {
			isa = PBXVariantGroup;
			children = (
				B74FA6362485E3EC009E933F /* Base */,
			);
			name = Main.storyboard;
			sourceTree = "<group>";
		};
		B74FA63A2485E3F2009E933F /* LaunchScreen.storyboard */ = {
			isa = PBXVariantGroup;
			children = (
				B74FA63B2485E3F2009E933F /* Base */,
			);
			name = LaunchScreen.storyboard;
			sourceTree = "<group>";
		};
/* End PBXVariantGroup section */

/* Begin XCBuildConfiguration section */
		B74FA63E2485E3F2009E933F /* Debug */ = {
			isa = XCBuildConfiguration;
			buildSettings = {
				ALWAYS_SEARCH_USER_PATHS = NO;
				CLANG_ANALYZER_NONNULL = YES;
				CLANG_ANALYZER_NUMBER_OBJECT_CONVERSION = YES_AGGRESSIVE;
				CLANG_CXX_LANGUAGE_STANDARD = "gnu++14";
				CLANG_CXX_LIBRARY = "libc++";
				CLANG_ENABLE_MODULES = YES;
				CLANG_ENABLE_OBJC_ARC = YES;
				CLANG_ENABLE_OBJC_WEAK = YES;
				CLANG_WARN_BLOCK_CAPTURE_AUTORELEASING = YES;
				CLANG_WARN_BOOL_CONVERSION = YES;
				CLANG_WARN_COMMA = YES;
				CLANG_WARN_CONSTANT_CONVERSION = YES;
				CLANG_WARN_DEPRECATED_OBJC_IMPLEMENTATIONS = YES;
				CLANG_WARN_DIRECT_OBJC_ISA_USAGE = YES_ERROR;
				CLANG_WARN_DOCUMENTATION_COMMENTS = YES;
				CLANG_WARN_EMPTY_BODY = YES;
				CLANG_WARN_ENUM_CONVERSION = YES;
				CLANG_WARN_INFINITE_RECURSION = YES;
				CLANG_WARN_INT_CONVERSION = YES;
				CLANG_WARN_NON_LITERAL_NULL_CONVERSION = YES;
				CLANG_WARN_OBJC_IMPLICIT_RETAIN_SELF = YES;
				CLANG_WARN_OBJC_LITERAL_CONVERSION = YES;
				CLANG_WARN_OBJC_ROOT_CLASS = YES_ERROR;
				CLANG_WARN_QUOTED_INCLUDE_IN_FRAMEWORK_HEADER = YES;
				CLANG_WARN_RANGE_LOOP_ANALYSIS = YES;
				CLANG_WARN_STRICT_PROTOTYPES = YES;
				CLANG_WARN_SUSPICIOUS_MOVE = YES;
				CLANG_WARN_UNGUARDED_AVAILABILITY = YES_AGGRESSIVE;
				CLANG_WARN_UNREACHABLE_CODE = YES;
				CLANG_WARN__DUPLICATE_METHOD_MATCH = YES;
				COPY_PHASE_STRIP = NO;
				DEBUG_INFORMATION_FORMAT = dwarf;
				ENABLE_STRICT_OBJC_MSGSEND = YES;
				ENABLE_TESTABILITY = YES;
				GCC_C_LANGUAGE_STANDARD = gnu11;
				GCC_DYNAMIC_NO_PIC = NO;
				GCC_NO_COMMON_BLOCKS = YES;
				GCC_OPTIMIZATION_LEVEL = 0;
				GCC_PREPROCESSOR_DEFINITIONS = (
					"DEBUG=1",
					"$(inherited)",
				);
				GCC_WARN_64_TO_32_BIT_CONVERSION = YES;
				GCC_WARN_ABOUT_RETURN_TYPE = YES_ERROR;
				GCC_WARN_UNDECLARED_SELECTOR = YES;
				GCC_WARN_UNINITIALIZED_AUTOS = YES_AGGRESSIVE;
				GCC_WARN_UNUSED_FUNCTION = YES;
				GCC_WARN_UNUSED_VARIABLE = YES;
				IPHONEOS_DEPLOYMENT_TARGET = 13.4;
				MTL_ENABLE_DEBUG_INFO = INCLUDE_SOURCE;
				MTL_FAST_MATH = YES;
				ONLY_ACTIVE_ARCH = YES;
				SDKROOT = iphoneos;
				SWIFT_ACTIVE_COMPILATION_CONDITIONS = DEBUG;
				SWIFT_OPTIMIZATION_LEVEL = "-Onone";
			};
			name = Debug;
		};
		B74FA63F2485E3F2009E933F /* Release */ = {
			isa = XCBuildConfiguration;
			buildSettings = {
				ALWAYS_SEARCH_USER_PATHS = NO;
				CLANG_ANALYZER_NONNULL = YES;
				CLANG_ANALYZER_NUMBER_OBJECT_CONVERSION = YES_AGGRESSIVE;
				CLANG_CXX_LANGUAGE_STANDARD = "gnu++14";
				CLANG_CXX_LIBRARY = "libc++";
				CLANG_ENABLE_MODULES = YES;
				CLANG_ENABLE_OBJC_ARC = YES;
				CLANG_ENABLE_OBJC_WEAK = YES;
				CLANG_WARN_BLOCK_CAPTURE_AUTORELEASING = YES;
				CLANG_WARN_BOOL_CONVERSION = YES;
				CLANG_WARN_COMMA = YES;
				CLANG_WARN_CONSTANT_CONVERSION = YES;
				CLANG_WARN_DEPRECATED_OBJC_IMPLEMENTATIONS = YES;
				CLANG_WARN_DIRECT_OBJC_ISA_USAGE = YES_ERROR;
				CLANG_WARN_DOCUMENTATION_COMMENTS = YES;
				CLANG_WARN_EMPTY_BODY = YES;
				CLANG_WARN_ENUM_CONVERSION = YES;
				CLANG_WARN_INFINITE_RECURSION = YES;
				CLANG_WARN_INT_CONVERSION = YES;
				CLANG_WARN_NON_LITERAL_NULL_CONVERSION = YES;
				CLANG_WARN_OBJC_IMPLICIT_RETAIN_SELF = YES;
				CLANG_WARN_OBJC_LITERAL_CONVERSION = YES;
				CLANG_WARN_OBJC_ROOT_CLASS = YES_ERROR;
				CLANG_WARN_QUOTED_INCLUDE_IN_FRAMEWORK_HEADER = YES;
				CLANG_WARN_RANGE_LOOP_ANALYSIS = YES;
				CLANG_WARN_STRICT_PROTOTYPES = YES;
				CLANG_WARN_SUSPICIOUS_MOVE = YES;
				CLANG_WARN_UNGUARDED_AVAILABILITY = YES_AGGRESSIVE;
				CLANG_WARN_UNREACHABLE_CODE = YES;
				CLANG_WARN__DUPLICATE_METHOD_MATCH = YES;
				COPY_PHASE_STRIP = NO;
				DEBUG_INFORMATION_FORMAT = "dwarf-with-dsym";
				ENABLE_NS_ASSERTIONS = NO;
				ENABLE_STRICT_OBJC_MSGSEND = YES;
				GCC_C_LANGUAGE_STANDARD = gnu11;
				GCC_NO_COMMON_BLOCKS = YES;
				GCC_WARN_64_TO_32_BIT_CONVERSION = YES;
				GCC_WARN_ABOUT_RETURN_TYPE = YES_ERROR;
				GCC_WARN_UNDECLARED_SELECTOR = YES;
				GCC_WARN_UNINITIALIZED_AUTOS = YES_AGGRESSIVE;
				GCC_WARN_UNUSED_FUNCTION = YES;
				GCC_WARN_UNUSED_VARIABLE = YES;
				IPHONEOS_DEPLOYMENT_TARGET = 13.4;
				MTL_ENABLE_DEBUG_INFO = NO;
				MTL_FAST_MATH = YES;
				SDKROOT = iphoneos;
				SWIFT_COMPILATION_MODE = wholemodule;
				SWIFT_OPTIMIZATION_LEVEL = "-O";
				VALIDATE_PRODUCT = YES;
			};
			name = Release;
		};
		B74FA6412485E3F2009E933F /* Debug */ = {
			isa = XCBuildConfiguration;
			buildSettings = {
				ASSETCATALOG_COMPILER_APPICON_NAME = AppIcon;
				CODE_SIGN_STYLE = Automatic;
				DEVELOPMENT_TEAM = PZ8CR3Z724;
				INFOPLIST_FILE = SpaceKing/Info.plist;
				IPHONEOS_DEPLOYMENT_TARGET = 13.0;
				LD_RUNPATH_SEARCH_PATHS = (
					"$(inherited)",
					"@executable_path/Frameworks",
				);
				PRODUCT_BUNDLE_IDENTIFIER = rahullll.SpaceKing;
				PRODUCT_NAME = "$(TARGET_NAME)";
				SWIFT_VERSION = 5.0;
				TARGETED_DEVICE_FAMILY = 1;
			};
			name = Debug;
		};
		B74FA6422485E3F2009E933F /* Release */ = {
			isa = XCBuildConfiguration;
			buildSettings = {
				ASSETCATALOG_COMPILER_APPICON_NAME = AppIcon;
				CODE_SIGN_STYLE = Automatic;
				DEVELOPMENT_TEAM = PZ8CR3Z724;
				INFOPLIST_FILE = SpaceKing/Info.plist;
				IPHONEOS_DEPLOYMENT_TARGET = 13.0;
				LD_RUNPATH_SEARCH_PATHS = (
					"$(inherited)",
					"@executable_path/Frameworks",
				);
				PRODUCT_BUNDLE_IDENTIFIER = rahullll.SpaceKing;
				PRODUCT_NAME = "$(TARGET_NAME)";
				SWIFT_VERSION = 5.0;
				TARGETED_DEVICE_FAMILY = 1;
			};
			name = Release;
		};
/* End XCBuildConfiguration section */

/* Begin XCConfigurationList section */
		B74FA6232485E3EC009E933F /* Build configuration list for PBXProject "SpaceKing" */ = {
			isa = XCConfigurationList;
			buildConfigurations = (
				B74FA63E2485E3F2009E933F /* Debug */,
				B74FA63F2485E3F2009E933F /* Release */,
			);
			defaultConfigurationIsVisible = 0;
			defaultConfigurationName = Release;
		};
		B74FA6402485E3F2009E933F /* Build configuration list for PBXNativeTarget "SpaceKing" */ = {
			isa = XCConfigurationList;
			buildConfigurations = (
				B74FA6412485E3F2009E933F /* Debug */,
				B74FA6422485E3F2009E933F /* Release */,
			);
			defaultConfigurationIsVisible = 0;
			defaultConfigurationName = Release;
		};
/* End XCConfigurationList section */
	};
	rootObject = B74FA6202485E3EC009E933F /* Project object */;
}
